// !$*UTF8*$!
{
	archiveVersion = 1;
	classes = {
	};
	objectVersion = 77;
	objects = {

/* Begin PBXContainerItemProxy section */
		AA07FE992CFB2C17003E7D44 /* PBXContainerItemProxy */ = {
			isa = PBXContainerItemProxy;
			containerPortal = AA07FE7E2CFB2C15003E7D44 /* Project object */;
			proxyType = 1;
			remoteGlobalIDString = AA07FE852CFB2C15003E7D44;
			remoteInfo = viviWord;
		};
		AA07FEA32CFB2C17003E7D44 /* PBXContainerItemProxy */ = {
			isa = PBXContainerItemProxy;
			containerPortal = AA07FE7E2CFB2C15003E7D44 /* Project object */;
			proxyType = 1;
			remoteGlobalIDString = AA07FE852CFB2C15003E7D44;
			remoteInfo = viviWord;
		};
/* End PBXContainerItemProxy section */

/* Begin PBXFileReference section */
		AA07FE862CFB2C15003E7D44 /* viviWord.app */ = {isa = PBXFileReference; explicitFileType = wrapper.application; includeInIndex = 0; path = viviWord.app; sourceTree = BUILT_PRODUCTS_DIR; };
		AA07FE982CFB2C17003E7D44 /* viviWordTests.xctest */ = {isa = PBXFileReference; explicitFileType = wrapper.cfbundle; includeInIndex = 0; path = viviWordTests.xctest; sourceTree = BUILT_PRODUCTS_DIR; };
		AA07FEA22CFB2C17003E7D44 /* viviWordUITests.xctest */ = {isa = PBXFileReference; explicitFileType = wrapper.cfbundle; includeInIndex = 0; path = viviWordUITests.xctest; sourceTree = BUILT_PRODUCTS_DIR; };
/* End PBXFileReference section */

/* Begin PBXFileSystemSynchronizedRootGroup section */
		AA07FE882CFB2C15003E7D44 /* viviWord */ = {
			isa = PBXFileSystemSynchronizedRootGroup;
			path = viviWord;
			sourceTree = "<group>";
		};
		AA07FE9B2CFB2C17003E7D44 /* viviWordTests */ = {
			isa = PBXFileSystemSynchronizedRootGroup;
			path = viviWordTests;
			sourceTree = "<group>";
		};
		AA07FEA52CFB2C17003E7D44 /* viviWordUITests */ = {
			isa = PBXFileSystemSynchronizedRootGroup;
			path = viviWordUITests;
			sourceTree = "<group>";
		};
/* End PBXFileSystemSynchronizedRootGroup section */

/* Begin PBXFrameworksBuildPhase section */
		AA07FE832CFB2C15003E7D44 /* Frameworks */ = {
			isa = PBXFrameworksBuildPhase;
			buildActionMask = 2147483647;
			files = (
			);
			runOnlyForDeploymentPostprocessing = 0;
		};
		AA07FE952CFB2C17003E7D44 /* Frameworks */ = {
			isa = PBXFrameworksBuildPhase;
			buildActionMask = 2147483647;
			files = (
			);
			runOnlyForDeploymentPostprocessing = 0;
		};
		AA07FE9F2CFB2C17003E7D44 /* Frameworks */ = {
			isa = PBXFrameworksBuildPhase;
			buildActionMask = 2147483647;
			files = (
			);
			runOnlyForDeploymentPostprocessing = 0;
		};
/* End PBXFrameworksBuildPhase section */

/* Begin PBXGroup section */
		AA07FE7D2CFB2C15003E7D44 = {
			isa = PBXGroup;
			children = (
				AA07FE882CFB2C15003E7D44 /* viviWord */,
				AA07FE9B2CFB2C17003E7D44 /* viviWordTests */,
				AA07FEA52CFB2C17003E7D44 /* viviWordUITests */,
				AA07FE872CFB2C15003E7D44 /* Products */,
			);
			sourceTree = "<group>";
		};
		AA07FE872CFB2C15003E7D44 /* Products */ = {
			isa = PBXGroup;
			children = (
				AA07FE862CFB2C15003E7D44 /* viviWord.app */,
				AA07FE982CFB2C17003E7D44 /* viviWordTests.xctest */,
				AA07FEA22CFB2C17003E7D44 /* viviWordUITests.xctest */,
			);
			name = Products;
			sourceTree = "<group>";
		};
/* End PBXGroup section */

/* Begin PBXNativeTarget section */
		AA07FE852CFB2C15003E7D44 /* viviWord */ = {
			isa = PBXNativeTarget;
			buildConfigurationList = AA07FEAC2CFB2C17003E7D44 /* Build configuration list for PBXNativeTarget "viviWord" */;
			buildPhases = (
				AA07FE822CFB2C15003E7D44 /* Sources */,
				AA07FE832CFB2C15003E7D44 /* Frameworks */,
				AA07FE842CFB2C15003E7D44 /* Resources */,
			);
			buildRules = (
			);
			dependencies = (
			);
			fileSystemSynchronizedGroups = (
				AA07FE882CFB2C15003E7D44 /* viviWord */,
			);
			name = viviWord;
			packageProductDependencies = (
			);
			productName = viviWord;
			productReference = AA07FE862CFB2C15003E7D44 /* viviWord.app */;
			productType = "com.apple.product-type.application";
		};
		AA07FE972CFB2C17003E7D44 /* viviWordTests */ = {
			isa = PBXNativeTarget;
			buildConfigurationList = AA07FEAF2CFB2C17003E7D44 /* Build configuration list for PBXNativeTarget "viviWordTests" */;
			buildPhases = (
				AA07FE942CFB2C17003E7D44 /* Sources */,
				AA07FE952CFB2C17003E7D44 /* Frameworks */,
				AA07FE962CFB2C17003E7D44 /* Resources */,
			);
			buildRules = (
			);
			dependencies = (
				AA07FE9A2CFB2C17003E7D44 /* PBXTargetDependency */,
			);
			fileSystemSynchronizedGroups = (
				AA07FE9B2CFB2C17003E7D44 /* viviWordTests */,
			);
			name = viviWordTests;
			packageProductDependencies = (
			);
			productName = viviWordTests;
			productReference = AA07FE982CFB2C17003E7D44 /* viviWordTests.xctest */;
			productType = "com.apple.product-type.bundle.unit-test";
		};
		AA07FEA12CFB2C17003E7D44 /* viviWordUITests */ = {
			isa = PBXNativeTarget;
			buildConfigurationList = AA07FEB22CFB2C17003E7D44 /* Build configuration list for PBXNativeTarget "viviWordUITests" */;
			buildPhases = (
				AA07FE9E2CFB2C17003E7D44 /* Sources */,
				AA07FE9F2CFB2C17003E7D44 /* Frameworks */,
				AA07FEA02CFB2C17003E7D44 /* Resources */,
			);
			buildRules = (
			);
			dependencies = (
				AA07FEA42CFB2C17003E7D44 /* PBXTargetDependency */,
			);
			fileSystemSynchronizedGroups = (
				AA07FEA52CFB2C17003E7D44 /* viviWordUITests */,
			);
			name = viviWordUITests;
			packageProductDependencies = (
			);
			productName = viviWordUITests;
			productReference = AA07FEA22CFB2C17003E7D44 /* viviWordUITests.xctest */;
			productType = "com.apple.product-type.bundle.ui-testing";
		};
/* End PBXNativeTarget section */

/* Begin PBXProject section */
		AA07FE7E2CFB2C15003E7D44 /* Project object */ = {
			isa = PBXProject;
			attributes = {
				BuildIndependentTargetsInParallel = 1;
				LastSwiftUpdateCheck = 1610;
				LastUpgradeCheck = 1610;
				TargetAttributes = {
					AA07FE852CFB2C15003E7D44 = {
						CreatedOnToolsVersion = 16.1;
					};
					AA07FE972CFB2C17003E7D44 = {
						CreatedOnToolsVersion = 16.1;
						TestTargetID = AA07FE852CFB2C15003E7D44;
					};
					AA07FEA12CFB2C17003E7D44 = {
						CreatedOnToolsVersion = 16.1;
						TestTargetID = AA07FE852CFB2C15003E7D44;
					};
				};
			};
			buildConfigurationList = AA07FE812CFB2C15003E7D44 /* Build configuration list for PBXProject "viviWord" */;
			developmentRegion = en;
			hasScannedForEncodings = 0;
			knownRegions = (
				en,
				Base,
			);
			mainGroup = AA07FE7D2CFB2C15003E7D44;
			minimizedProjectReferenceProxies = 1;
			preferredProjectObjectVersion = 77;
			productRefGroup = AA07FE872CFB2C15003E7D44 /* Products */;
			projectDirPath = "";
			projectRoot = "";
			targets = (
				AA07FE852CFB2C15003E7D44 /* viviWord */,
				AA07FE972CFB2C17003E7D44 /* viviWordTests */,
				AA07FEA12CFB2C17003E7D44 /* viviWordUITests */,
			);
		};
/* End PBXProject section */

/* Begin PBXResourcesBuildPhase section */
		AA07FE842CFB2C15003E7D44 /* Resources */ = {
			isa = PBXResourcesBuildPhase;
			buildActionMask = 2147483647;
			files = (
			);
			runOnlyForDeploymentPostprocessing = 0;
		};
		AA07FE962CFB2C17003E7D44 /* Resources */ = {
			isa = PBXResourcesBuildPhase;
			buildActionMask = 2147483647;
			files = (
			);
			runOnlyForDeploymentPostprocessing = 0;
		};
		AA07FEA02CFB2C17003E7D44 /* Resources */ = {
			isa = PBXResourcesBuildPhase;
			buildActionMask = 2147483647;
			files = (
			);
			runOnlyForDeploymentPostprocessing = 0;
		};
/* End PBXResourcesBuildPhase section */

/* Begin PBXSourcesBuildPhase section */
		AA07FE822CFB2C15003E7D44 /* Sources */ = {
			isa = PBXSourcesBuildPhase;
			buildActionMask = 2147483647;
			files = (
			);
			runOnlyForDeploymentPostprocessing = 0;
		};
		AA07FE942CFB2C17003E7D44 /* Sources */ = {
			isa = PBXSourcesBuildPhase;
			buildActionMask = 2147483647;
			files = (
			);
			runOnlyForDeploymentPostprocessing = 0;
		};
		AA07FE9E2CFB2C17003E7D44 /* Sources */ = {
			isa = PBXSourcesBuildPhase;
			buildActionMask = 2147483647;
			files = (
			);
			runOnlyForDeploymentPostprocessing = 0;
		};
/* End PBXSourcesBuildPhase section */

/* Begin PBXTargetDependency section */
		AA07FE9A2CFB2C17003E7D44 /* PBXTargetDependency */ = {
			isa = PBXTargetDependency;
			target = AA07FE852CFB2C15003E7D44 /* viviWord */;
			targetProxy = AA07FE992CFB2C17003E7D44 /* PBXContainerItemProxy */;
		};
		AA07FEA42CFB2C17003E7D44 /* PBXTargetDependency */ = {
			isa = PBXTargetDependency;
			target = AA07FE852CFB2C15003E7D44 /* viviWord */;
			targetProxy = AA07FEA32CFB2C17003E7D44 /* PBXContainerItemProxy */;
		};
/* End PBXTargetDependency section */

/* Begin XCBuildConfiguration section */
		AA07FEAA2CFB2C17003E7D44 /* Debug */ = {
			isa = XCBuildConfiguration;
			buildSettings = {
				ALWAYS_SEARCH_USER_PATHS = NO;
				ASSETCATALOG_COMPILER_GENERATE_SWIFT_ASSET_SYMBOL_EXTENSIONS = YES;
				CLANG_ANALYZER_NONNULL = YES;
				CLANG_ANALYZER_NUMBER_OBJECT_CONVERSION = YES_AGGRESSIVE;
				CLANG_CXX_LANGUAGE_STANDARD = "gnu++20";
				CLANG_ENABLE_MODULES = YES;
				CLANG_ENABLE_OBJC_ARC = YES;
				CLANG_ENABLE_OBJC_WEAK = YES;
				CLANG_WARN_BLOCK_CAPTURE_AUTORELEASING = YES;
				CLANG_WARN_BOOL_CONVERSION = YES;
				CLANG_WARN_COMMA = YES;
				CLANG_WARN_CONSTANT_CONVERSION = YES;
				CLANG_WARN_DEPRECATED_OBJC_IMPLEMENTATIONS = YES;
				CLANG_WARN_DIRECT_OBJC_ISA_USAGE = YES_ERROR;
				CLANG_WARN_DOCUMENTATION_COMMENTS = YES;
				CLANG_WARN_EMPTY_BODY = YES;
				CLANG_WARN_ENUM_CONVERSION = YES;
				CLANG_WARN_INFINITE_RECURSION = YES;
				CLANG_WARN_INT_CONVERSION = YES;
				CLANG_WARN_NON_LITERAL_NULL_CONVERSION = YES;
				CLANG_WARN_OBJC_IMPLICIT_RETAIN_SELF = YES;
				CLANG_WARN_OBJC_LITERAL_CONVERSION = YES;
				CLANG_WARN_OBJC_ROOT_CLASS = YES_ERROR;
				CLANG_WARN_QUOTED_INCLUDE_IN_FRAMEWORK_HEADER = YES;
				CLANG_WARN_RANGE_LOOP_ANALYSIS = YES;
				CLANG_WARN_STRICT_PROTOTYPES = YES;
				CLANG_WARN_SUSPICIOUS_MOVE = YES;
				CLANG_WARN_UNGUARDED_AVAILABILITY = YES_AGGRESSIVE;
				CLANG_WARN_UNREACHABLE_CODE = YES;
				CLANG_WARN__DUPLICATE_METHOD_MATCH = YES;
				COPY_PHASE_STRIP = NO;
				DEBUG_INFORMATION_FORMAT = dwarf;
				ENABLE_STRICT_OBJC_MSGSEND = YES;
				ENABLE_TESTABILITY = YES;
				ENABLE_USER_SCRIPT_SANDBOXING = YES;
				GCC_C_LANGUAGE_STANDARD = gnu17;
				GCC_DYNAMIC_NO_PIC = NO;
				GCC_NO_COMMON_BLOCKS = YES;
				GCC_OPTIMIZATION_LEVEL = 0;
				GCC_PREPROCESSOR_DEFINITIONS = (
					"DEBUG=1",
					"$(inherited)",
				);
				GCC_WARN_64_TO_32_BIT_CONVERSION = YES;
				GCC_WARN_ABOUT_RETURN_TYPE = YES_ERROR;
				GCC_WARN_UNDECLARED_SELECTOR = YES;
				GCC_WARN_UNINITIALIZED_AUTOS = YES_AGGRESSIVE;
				GCC_WARN_UNUSED_FUNCTION = YES;
				GCC_WARN_UNUSED_VARIABLE = YES;
				IPHONEOS_DEPLOYMENT_TARGET = 18.1;
				LOCALIZATION_PREFERS_STRING_CATALOGS = YES;
				MTL_ENABLE_DEBUG_INFO = INCLUDE_SOURCE;
				MTL_FAST_MATH = YES;
				ONLY_ACTIVE_ARCH = YES;
				SDKROOT = iphoneos;
				SWIFT_ACTIVE_COMPILATION_CONDITIONS = "DEBUG $(inherited)";
				SWIFT_OPTIMIZATION_LEVEL = "-Onone";
			};
			name = Debug;
		};
		AA07FEAB2CFB2C17003E7D44 /* Release */ = {
			isa = XCBuildConfiguration;
			buildSettings = {
				ALWAYS_SEARCH_USER_PATHS = NO;
				ASSETCATALOG_COMPILER_GENERATE_SWIFT_ASSET_SYMBOL_EXTENSIONS = YES;
				CLANG_ANALYZER_NONNULL = YES;
				CLANG_ANALYZER_NUMBER_OBJECT_CONVERSION = YES_AGGRESSIVE;
				CLANG_CXX_LANGUAGE_STANDARD = "gnu++20";
				CLANG_ENABLE_MODULES = YES;
				CLANG_ENABLE_OBJC_ARC = YES;
				CLANG_ENABLE_OBJC_WEAK = YES;
				CLANG_WARN_BLOCK_CAPTURE_AUTORELEASING = YES;
				CLANG_WARN_BOOL_CONVERSION = YES;
				CLANG_WARN_COMMA = YES;
				CLANG_WARN_CONSTANT_CONVERSION = YES;
				CLANG_WARN_DEPRECATED_OBJC_IMPLEMENTATIONS = YES;
				CLANG_WARN_DIRECT_OBJC_ISA_USAGE = YES_ERROR;
				CLANG_WARN_DOCUMENTATION_COMMENTS = YES;
				CLANG_WARN_EMPTY_BODY = YES;
				CLANG_WARN_ENUM_CONVERSION = YES;
				CLANG_WARN_INFINITE_RECURSION = YES;
				CLANG_WARN_INT_CONVERSION = YES;
				CLANG_WARN_NON_LITERAL_NULL_CONVERSION = YES;
				CLANG_WARN_OBJC_IMPLICIT_RETAIN_SELF = YES;
				CLANG_WARN_OBJC_LITERAL_CONVERSION = YES;
				CLANG_WARN_OBJC_ROOT_CLASS = YES_ERROR;
				CLANG_WARN_QUOTED_INCLUDE_IN_FRAMEWORK_HEADER = YES;
				CLANG_WARN_RANGE_LOOP_ANALYSIS = YES;
				CLANG_WARN_STRICT_PROTOTYPES = YES;
				CLANG_WARN_SUSPICIOUS_MOVE = YES;
				CLANG_WARN_UNGUARDED_AVAILABILITY = YES_AGGRESSIVE;
				CLANG_WARN_UNREACHABLE_CODE = YES;
				CLANG_WARN__DUPLICATE_METHOD_MATCH = YES;
				COPY_PHASE_STRIP = NO;
				DEBUG_INFORMATION_FORMAT = "dwarf-with-dsym";
				ENABLE_NS_ASSERTIONS = NO;
				ENABLE_STRICT_OBJC_MSGSEND = YES;
				ENABLE_USER_SCRIPT_SANDBOXING = YES;
				GCC_C_LANGUAGE_STANDARD = gnu17;
				GCC_NO_COMMON_BLOCKS = YES;
				GCC_WARN_64_TO_32_BIT_CONVERSION = YES;
				GCC_WARN_ABOUT_RETURN_TYPE = YES_ERROR;
				GCC_WARN_UNDECLARED_SELECTOR = YES;
				GCC_WARN_UNINITIALIZED_AUTOS = YES_AGGRESSIVE;
				GCC_WARN_UNUSED_FUNCTION = YES;
				GCC_WARN_UNUSED_VARIABLE = YES;
				IPHONEOS_DEPLOYMENT_TARGET = 18.1;
				LOCALIZATION_PREFERS_STRING_CATALOGS = YES;
				MTL_ENABLE_DEBUG_INFO = NO;
				MTL_FAST_MATH = YES;
				SDKROOT = iphoneos;
				SWIFT_COMPILATION_MODE = wholemodule;
				VALIDATE_PRODUCT = YES;
			};
			name = Release;
		};
		AA07FEAD2CFB2C17003E7D44 /* Debug */ = {
			isa = XCBuildConfiguration;
			buildSettings = {
				ASSETCATALOG_COMPILER_APPICON_NAME = AppIcon;
				ASSETCATALOG_COMPILER_GLOBAL_ACCENT_COLOR_NAME = AccentColor;
				CODE_SIGN_STYLE = Automatic;
				CURRENT_PROJECT_VERSION = 1;
				DEVELOPMENT_ASSET_PATHS = "\"viviWord/Preview Content\"";
				DEVELOPMENT_TEAM = BR5QU5M7GT;
				ENABLE_PREVIEWS = YES;
				GENERATE_INFOPLIST_FILE = YES;
				INFOPLIST_KEY_UIApplicationSceneManifest_Generation = YES;
				INFOPLIST_KEY_UIApplicationSupportsIndirectInputEvents = YES;
				INFOPLIST_KEY_UILaunchScreen_Generation = YES;
				INFOPLIST_KEY_UISupportedInterfaceOrientations_iPad = "UIInterfaceOrientationPortrait UIInterfaceOrientationPortraitUpsideDown UIInterfaceOrientationLandscapeLeft UIInterfaceOrientationLandscapeRight";
				INFOPLIST_KEY_UISupportedInterfaceOrientations_iPhone = "UIInterfaceOrientationPortrait UIInterfaceOrientationLandscapeLeft UIInterfaceOrientationLandscapeRight";
				LD_RUNPATH_SEARCH_PATHS = (
					"$(inherited)",
					"@executable_path/Frameworks",
				);
				MARKETING_VERSION = 1.0;
				PRODUCT_BUNDLE_IDENTIFIER = vivid.viviWord;
				PRODUCT_NAME = "$(TARGET_NAME)";
				SWIFT_EMIT_LOC_STRINGS = YES;
				SWIFT_VERSION = 5.0;
				TARGETED_DEVICE_FAMILY = "1,2";
			};
			name = Debug;
		};
		AA07FEAE2CFB2C17003E7D44 /* Release */ = {
			isa = XCBuildConfiguration;
			buildSettings = {
				ASSETCATALOG_COMPILER_APPICON_NAME = AppIcon;
				ASSETCATALOG_COMPILER_GLOBAL_ACCENT_COLOR_NAME = AccentColor;
				CODE_SIGN_STYLE = Automatic;
				CURRENT_PROJECT_VERSION = 1;
				DEVELOPMENT_ASSET_PATHS = "\"viviWord/Preview Content\"";
				DEVELOPMENT_TEAM = BR5QU5M7GT;
				ENABLE_PREVIEWS = YES;
				GENERATE_INFOPLIST_FILE = YES;
				INFOPLIST_KEY_UIApplicationSceneManifest_Generation = YES;
				INFOPLIST_KEY_UIApplicationSupportsIndirectInputEvents = YES;
				INFOPLIST_KEY_UILaunchScreen_Generation = YES;
				INFOPLIST_KEY_UISupportedInterfaceOrientations_iPad = "UIInterfaceOrientationPortrait UIInterfaceOrientationPortraitUpsideDown UIInterfaceOrientationLandscapeLeft UIInterfaceOrientationLandscapeRight";
				INFOPLIST_KEY_UISupportedInterfaceOrientations_iPhone = "UIInterfaceOrientationPortrait UIInterfaceOrientationLandscapeLeft UIInterfaceOrientationLandscapeRight";
				LD_RUNPATH_SEARCH_PATHS = (
					"$(inherited)",
					"@executable_path/Frameworks",
				);
				MARKETING_VERSION = 1.0;
				PRODUCT_BUNDLE_IDENTIFIER = vivid.viviWord;
				PRODUCT_NAME = "$(TARGET_NAME)";
				SWIFT_EMIT_LOC_STRINGS = YES;
				SWIFT_VERSION = 5.0;
				TARGETED_DEVICE_FAMILY = "1,2";
			};
			name = Release;
		};
		AA07FEB02CFB2C17003E7D44 /* Debug */ = {
			isa = XCBuildConfiguration;
			buildSettings = {
				BUNDLE_LOADER = "$(TEST_HOST)";
				CODE_SIGN_STYLE = Automatic;
				CURRENT_PROJECT_VERSION = 1;
				DEVELOPMENT_TEAM = BR5QU5M7GT;
				GENERATE_INFOPLIST_FILE = YES;
				IPHONEOS_DEPLOYMENT_TARGET = 18.1;
				MARKETING_VERSION = 1.0;
				PRODUCT_BUNDLE_IDENTIFIER = vivid.viviWordTests;
				PRODUCT_NAME = "$(TARGET_NAME)";
				SWIFT_EMIT_LOC_STRINGS = NO;
				SWIFT_VERSION = 5.0;
				TARGETED_DEVICE_FAMILY = "1,2";
				TEST_HOST = "$(BUILT_PRODUCTS_DIR)/viviWord.app/$(BUNDLE_EXECUTABLE_FOLDER_PATH)/viviWord";
			};
			name = Debug;
		};
		AA07FEB12CFB2C17003E7D44 /* Release */ = {
			isa = XCBuildConfiguration;
			buildSettings = {
				BUNDLE_LOADER = "$(TEST_HOST)";
				CODE_SIGN_STYLE = Automatic;
				CURRENT_PROJECT_VERSION = 1;
				DEVELOPMENT_TEAM = BR5QU5M7GT;
				GENERATE_INFOPLIST_FILE = YES;
				IPHONEOS_DEPLOYMENT_TARGET = 18.1;
				MARKETING_VERSION = 1.0;
				PRODUCT_BUNDLE_IDENTIFIER = vivid.viviWordTests;
				PRODUCT_NAME = "$(TARGET_NAME)";
				SWIFT_EMIT_LOC_STRINGS = NO;
				SWIFT_VERSION = 5.0;
				TARGETED_DEVICE_FAMILY = "1,2";
				TEST_HOST = "$(BUILT_PRODUCTS_DIR)/viviWord.app/$(BUNDLE_EXECUTABLE_FOLDER_PATH)/viviWord";
			};
			name = Release;
		};
		AA07FEB32CFB2C17003E7D44 /* Debug */ = {
			isa = XCBuildConfiguration;
			buildSettings = {
				CODE_SIGN_STYLE = Automatic;
				CURRENT_PROJECT_VERSION = 1;
				DEVELOPMENT_TEAM = BR5QU5M7GT;
				GENERATE_INFOPLIST_FILE = YES;
				MARKETING_VERSION = 1.0;
				PRODUCT_BUNDLE_IDENTIFIER = vivid.viviWordUITests;
				PRODUCT_NAME = "$(TARGET_NAME)";
				SWIFT_EMIT_LOC_STRINGS = NO;
				SWIFT_VERSION = 5.0;
				TARGETED_DEVICE_FAMILY = "1,2";
				TEST_TARGET_NAME = viviWord;
			};
			name = Debug;
		};
		AA07FEB42CFB2C17003E7D44 /* Release */ = {
			isa = XCBuildConfiguration;
			buildSettings = {
				CODE_SIGN_STYLE = Automatic;
				CURRENT_PROJECT_VERSION = 1;
				DEVELOPMENT_TEAM = BR5QU5M7GT;
				GENERATE_INFOPLIST_FILE = YES;
				MARKETING_VERSION = 1.0;
				PRODUCT_BUNDLE_IDENTIFIER = vivid.viviWordUITests;
				PRODUCT_NAME = "$(TARGET_NAME)";
				SWIFT_EMIT_LOC_STRINGS = NO;
				SWIFT_VERSION = 5.0;
				TARGETED_DEVICE_FAMILY = "1,2";
				TEST_TARGET_NAME = viviWord;
			};
			name = Release;
		};
/* End XCBuildConfiguration section */

/* Begin XCConfigurationList section */
		AA07FE812CFB2C15003E7D44 /* Build configuration list for PBXProject "viviWord" */ = {
			isa = XCConfigurationList;
			buildConfigurations = (
				AA07FEAA2CFB2C17003E7D44 /* Debug */,
				AA07FEAB2CFB2C17003E7D44 /* Release */,
			);
			defaultConfigurationIsVisible = 0;
			defaultConfigurationName = Release;
		};
		AA07FEAC2CFB2C17003E7D44 /* Build configuration list for PBXNativeTarget "viviWord" */ = {
			isa = XCConfigurationList;
			buildConfigurations = (
				AA07FEAD2CFB2C17003E7D44 /* Debug */,
				AA07FEAE2CFB2C17003E7D44 /* Release */,
			);
			defaultConfigurationIsVisible = 0;
			defaultConfigurationName = Release;
		};
		AA07FEAF2CFB2C17003E7D44 /* Build configuration list for PBXNativeTarget "viviWordTests" */ = {
			isa = XCConfigurationList;
			buildConfigurations = (
				AA07FEB02CFB2C17003E7D44 /* Debug */,
				AA07FEB12CFB2C17003E7D44 /* Release */,
			);
			defaultConfigurationIsVisible = 0;
			defaultConfigurationName = Release;
		};
		AA07FEB22CFB2C17003E7D44 /* Build configuration list for PBXNativeTarget "viviWordUITests" */ = {
			isa = XCConfigurationList;
			buildConfigurations = (
				AA07FEB32CFB2C17003E7D44 /* Debug */,
				AA07FEB42CFB2C17003E7D44 /* Release */,
			);
			defaultConfigurationIsVisible = 0;
			defaultConfigurationName = Release;
		};
/* End XCConfigurationList section */
	};
	rootObject = AA07FE7E2CFB2C15003E7D44 /* Project object */;
}
